// !$*UTF8*$!
{
	archiveVersion = 1;
	classes = {
	};
	objectVersion = 51;
	objects = {

/* Begin PBXBuildFile section */
		8558B3A5235E000600DA6119 /* PlayFavVideo.storyboard in Resources */ = {isa = PBXBuildFile; fileRef = 8558B3A4235E000600DA6119 /* PlayFavVideo.storyboard */; };
		8558B3A7235E01CA00DA6119 /* PlayFavVideoController.swift in Sources */ = {isa = PBXBuildFile; fileRef = 8558B3A6235E01CA00DA6119 /* PlayFavVideoController.swift */; };
		8558B3A9235F60EA00DA6119 /* Database.swift in Sources */ = {isa = PBXBuildFile; fileRef = 8558B3A8235F60EA00DA6119 /* Database.swift */; };
		8558B3AB235F656A00DA6119 /* FavouriteModel.swift in Sources */ = {isa = PBXBuildFile; fileRef = 8558B3AA235F656A00DA6119 /* FavouriteModel.swift */; };
		8558B3B1235F809700DA6119 /* Help.storyboard in Resources */ = {isa = PBXBuildFile; fileRef = 8558B3B0235F809700DA6119 /* Help.storyboard */; };
		8558B3B4235F80EB00DA6119 /* HelpController.swift in Sources */ = {isa = PBXBuildFile; fileRef = 8558B3B3235F80EB00DA6119 /* HelpController.swift */; };
		8558B3B7235F8A9700DA6119 /* HelpSlide.swift in Sources */ = {isa = PBXBuildFile; fileRef = 8558B3B6235F8A9700DA6119 /* HelpSlide.swift */; };
		8558B3B9235F8ABF00DA6119 /* HelpSlide.xib in Resources */ = {isa = PBXBuildFile; fileRef = 8558B3B8235F8ABF00DA6119 /* HelpSlide.xib */; };
		8558B3BB2360947C00DA6119 /* ARDashboard.storyboard in Resources */ = {isa = PBXBuildFile; fileRef = 8558B3BA2360947C00DA6119 /* ARDashboard.storyboard */; };
		8558B3BD236095EA00DA6119 /* ARDashboardController.swift in Sources */ = {isa = PBXBuildFile; fileRef = 8558B3BC236095EA00DA6119 /* ARDashboardController.swift */; };
		8558B3C12360986500DA6119 /* SceneKit.framework in Frameworks */ = {isa = PBXBuildFile; fileRef = 8558B3BF2360986000DA6119 /* SceneKit.framework */; };
		8558B3C5236098A300DA6119 /* ARKit.framework in Frameworks */ = {isa = PBXBuildFile; fileRef = 8558B3C4236098A300DA6119 /* ARKit.framework */; };
		8558B3CB2360A05B00DA6119 /* JSONUtils.swift in Sources */ = {isa = PBXBuildFile; fileRef = 8558B3C72360A05B00DA6119 /* JSONUtils.swift */; };
		8558B3CC2360A05B00DA6119 /* DownloadUtils.swift in Sources */ = {isa = PBXBuildFile; fileRef = 8558B3C82360A05B00DA6119 /* DownloadUtils.swift */; };
		8558B3CD2360A05B00DA6119 /* ARImageUtils.swift in Sources */ = {isa = PBXBuildFile; fileRef = 8558B3C92360A05B00DA6119 /* ARImageUtils.swift */; };
		8558B3CE2360A05B00DA6119 /* AppUpdate.swift in Sources */ = {isa = PBXBuildFile; fileRef = 8558B3CA2360A05B00DA6119 /* AppUpdate.swift */; };
		8558B3F82361DDC400DA6119 /* GoogleService-Info.plist in Resources */ = {isa = PBXBuildFile; fileRef = 8558B3F72361DDC300DA6119 /* GoogleService-Info.plist */; };
		8558B425236340F000DA6119 /* VideoUtils.swift in Sources */ = {isa = PBXBuildFile; fileRef = 8558B424236340F000DA6119 /* VideoUtils.swift */; };
		8558B4272363959600DA6119 /* CustomSlider.swift in Sources */ = {isa = PBXBuildFile; fileRef = 8558B4262363959600DA6119 /* CustomSlider.swift */; };
		8558B42923677BC700DA6119 /* FBSDKShareKit.framework in Frameworks */ = {isa = PBXBuildFile; fileRef = 8558B42823677BC700DA6119 /* FBSDKShareKit.framework */; };
		857C87FB235A0C18005724C4 /* TreeID.sqlite in Resources */ = {isa = PBXBuildFile; fileRef = 857C87FA235A0C18005724C4 /* TreeID.sqlite */; };
		857C87FD235A1E0E005724C4 /* Favourites.storyboard in Resources */ = {isa = PBXBuildFile; fileRef = 857C87FC235A1E0E005724C4 /* Favourites.storyboard */; };
		857C87FF235A245F005724C4 /* FavouritesController.swift in Sources */ = {isa = PBXBuildFile; fileRef = 857C87FE235A245F005724C4 /* FavouritesController.swift */; };
		85E16B992357BCE800907CFF /* AppDelegate.swift in Sources */ = {isa = PBXBuildFile; fileRef = 85E16B982357BCE800907CFF /* AppDelegate.swift */; };
		85E16B9B2357BCE800907CFF /* SceneDelegate.swift in Sources */ = {isa = PBXBuildFile; fileRef = 85E16B9A2357BCE800907CFF /* SceneDelegate.swift */; };
		85E16B9D2357BCE800907CFF /* ViewController.swift in Sources */ = {isa = PBXBuildFile; fileRef = 85E16B9C2357BCE800907CFF /* ViewController.swift */; };
		85E16BA02357BCE800907CFF /* Main.storyboard in Resources */ = {isa = PBXBuildFile; fileRef = 85E16B9E2357BCE800907CFF /* Main.storyboard */; };
		85E16BA22357BCEB00907CFF /* Assets.xcassets in Resources */ = {isa = PBXBuildFile; fileRef = 85E16BA12357BCEB00907CFF /* Assets.xcassets */; };
		85E16BA52357BCEB00907CFF /* LaunchScreen.storyboard in Resources */ = {isa = PBXBuildFile; fileRef = 85E16BA32357BCEB00907CFF /* LaunchScreen.storyboard */; };
/* End PBXBuildFile section */

/* Begin PBXFileReference section */
		32587A968762634A7C14DFF5 /* Pods_dashboard.framework */ = {isa = PBXFileReference; explicitFileType = wrapper.framework; includeInIndex = 0; path = Pods_dashboard.framework; sourceTree = BUILT_PRODUCTS_DIR; };
		60E4BAD8E3E7730CBF780D81 /* Pods-dashboard.debug.xcconfig */ = {isa = PBXFileReference; includeInIndex = 1; lastKnownFileType = text.xcconfig; name = "Pods-dashboard.debug.xcconfig"; path = "Target Support Files/Pods-dashboard/Pods-dashboard.debug.xcconfig"; sourceTree = "<group>"; };
		8558B3A4235E000600DA6119 /* PlayFavVideo.storyboard */ = {isa = PBXFileReference; lastKnownFileType = file.storyboard; path = PlayFavVideo.storyboard; sourceTree = "<group>"; };
		8558B3A6235E01CA00DA6119 /* PlayFavVideoController.swift */ = {isa = PBXFileReference; lastKnownFileType = sourcecode.swift; path = PlayFavVideoController.swift; sourceTree = "<group>"; };
		8558B3A8235F60EA00DA6119 /* Database.swift */ = {isa = PBXFileReference; lastKnownFileType = sourcecode.swift; path = Database.swift; sourceTree = "<group>"; };
		8558B3AA235F656A00DA6119 /* FavouriteModel.swift */ = {isa = PBXFileReference; lastKnownFileType = sourcecode.swift; path = FavouriteModel.swift; sourceTree = "<group>"; };
		8558B3B0235F809700DA6119 /* Help.storyboard */ = {isa = PBXFileReference; lastKnownFileType = file.storyboard; path = Help.storyboard; sourceTree = "<group>"; };
		8558B3B3235F80EB00DA6119 /* HelpController.swift */ = {isa = PBXFileReference; lastKnownFileType = sourcecode.swift; path = HelpController.swift; sourceTree = "<group>"; };
		8558B3B6235F8A9700DA6119 /* HelpSlide.swift */ = {isa = PBXFileReference; lastKnownFileType = sourcecode.swift; path = HelpSlide.swift; sourceTree = "<group>"; };
		8558B3B8235F8ABF00DA6119 /* HelpSlide.xib */ = {isa = PBXFileReference; lastKnownFileType = file.xib; path = HelpSlide.xib; sourceTree = "<group>"; };
		8558B3BA2360947C00DA6119 /* ARDashboard.storyboard */ = {isa = PBXFileReference; lastKnownFileType = file.storyboard; path = ARDashboard.storyboard; sourceTree = "<group>"; };
		8558B3BC236095EA00DA6119 /* ARDashboardController.swift */ = {isa = PBXFileReference; lastKnownFileType = sourcecode.swift; path = ARDashboardController.swift; sourceTree = "<group>"; };
		8558B3BF2360986000DA6119 /* SceneKit.framework */ = {isa = PBXFileReference; lastKnownFileType = wrapper.framework; name = SceneKit.framework; path = System/Library/Frameworks/SceneKit.framework; sourceTree = SDKROOT; };
		8558B3C4236098A300DA6119 /* ARKit.framework */ = {isa = PBXFileReference; lastKnownFileType = wrapper.framework; name = ARKit.framework; path = System/Library/Frameworks/ARKit.framework; sourceTree = SDKROOT; };
		8558B3C72360A05B00DA6119 /* JSONUtils.swift */ = {isa = PBXFileReference; fileEncoding = 4; lastKnownFileType = sourcecode.swift; path = JSONUtils.swift; sourceTree = "<group>"; };
		8558B3C82360A05B00DA6119 /* DownloadUtils.swift */ = {isa = PBXFileReference; fileEncoding = 4; lastKnownFileType = sourcecode.swift; path = DownloadUtils.swift; sourceTree = "<group>"; };
		8558B3C92360A05B00DA6119 /* ARImageUtils.swift */ = {isa = PBXFileReference; fileEncoding = 4; lastKnownFileType = sourcecode.swift; path = ARImageUtils.swift; sourceTree = "<group>"; };
		8558B3CA2360A05B00DA6119 /* AppUpdate.swift */ = {isa = PBXFileReference; fileEncoding = 4; lastKnownFileType = sourcecode.swift; path = AppUpdate.swift; sourceTree = "<group>"; };
		8558B3F72361DDC300DA6119 /* GoogleService-Info.plist */ = {isa = PBXFileReference; fileEncoding = 4; lastKnownFileType = text.plist.xml; path = "GoogleService-Info.plist"; sourceTree = "<group>"; };
		8558B3F923622BD000DA6119 /* GoogleService-Info.plist */ = {isa = PBXFileReference; fileEncoding = 4; lastKnownFileType = text.plist.xml; path = "GoogleService-Info.plist"; sourceTree = "<group>"; };
		8558B424236340F000DA6119 /* VideoUtils.swift */ = {isa = PBXFileReference; lastKnownFileType = sourcecode.swift; path = VideoUtils.swift; sourceTree = "<group>"; };
		8558B4262363959600DA6119 /* CustomSlider.swift */ = {isa = PBXFileReference; lastKnownFileType = sourcecode.swift; path = CustomSlider.swift; sourceTree = "<group>"; };
		8558B42823677BC700DA6119 /* FBSDKShareKit.framework */ = {isa = PBXFileReference; explicitFileType = wrapper.framework; path = FBSDKShareKit.framework; sourceTree = BUILT_PRODUCTS_DIR; };
		857C87FA235A0C18005724C4 /* TreeID.sqlite */ = {isa = PBXFileReference; lastKnownFileType = text; path = TreeID.sqlite; sourceTree = "<group>"; };
		857C87FC235A1E0E005724C4 /* Favourites.storyboard */ = {isa = PBXFileReference; lastKnownFileType = file.storyboard; path = Favourites.storyboard; sourceTree = "<group>"; };
		857C87FE235A245F005724C4 /* FavouritesController.swift */ = {isa = PBXFileReference; lastKnownFileType = sourcecode.swift; path = FavouritesController.swift; sourceTree = "<group>"; };
		85E16B952357BCE800907CFF /* forestar.app */ = {isa = PBXFileReference; explicitFileType = wrapper.application; includeInIndex = 0; path = forestar.app; sourceTree = BUILT_PRODUCTS_DIR; };
		85E16B982357BCE800907CFF /* AppDelegate.swift */ = {isa = PBXFileReference; lastKnownFileType = sourcecode.swift; path = AppDelegate.swift; sourceTree = "<group>"; };
		85E16B9A2357BCE800907CFF /* SceneDelegate.swift */ = {isa = PBXFileReference; lastKnownFileType = sourcecode.swift; path = SceneDelegate.swift; sourceTree = "<group>"; };
		85E16B9C2357BCE800907CFF /* ViewController.swift */ = {isa = PBXFileReference; lastKnownFileType = sourcecode.swift; path = ViewController.swift; sourceTree = "<group>"; };
		85E16B9F2357BCE800907CFF /* Base */ = {isa = PBXFileReference; lastKnownFileType = file.storyboard; name = Base; path = Base.lproj/Main.storyboard; sourceTree = "<group>"; };
		85E16BA12357BCEB00907CFF /* Assets.xcassets */ = {isa = PBXFileReference; lastKnownFileType = folder.assetcatalog; path = Assets.xcassets; sourceTree = "<group>"; };
		85E16BA42357BCEB00907CFF /* Base */ = {isa = PBXFileReference; lastKnownFileType = file.storyboard; name = Base; path = Base.lproj/LaunchScreen.storyboard; sourceTree = "<group>"; };
		85E16BA62357BCEB00907CFF /* Info.plist */ = {isa = PBXFileReference; lastKnownFileType = text.plist.xml; path = Info.plist; sourceTree = "<group>"; };
		E9E5DB11B96522039DD1E5A1 /* Pods-dashboard.release.xcconfig */ = {isa = PBXFileReference; includeInIndex = 1; lastKnownFileType = text.xcconfig; name = "Pods-dashboard.release.xcconfig"; path = "Target Support Files/Pods-dashboard/Pods-dashboard.release.xcconfig"; sourceTree = "<group>"; };
/* End PBXFileReference section */

/* Begin PBXFrameworksBuildPhase section */
		85E16B922357BCE800907CFF /* Frameworks */ = {
			isa = PBXFrameworksBuildPhase;
			buildActionMask = 2147483647;
			files = (
				8558B42923677BC700DA6119 /* FBSDKShareKit.framework in Frameworks */,
				8558B3C5236098A300DA6119 /* ARKit.framework in Frameworks */,
				8558B3C12360986500DA6119 /* SceneKit.framework in Frameworks */,
			);
			runOnlyForDeploymentPostprocessing = 0;
		};
/* End PBXFrameworksBuildPhase section */

/* Begin PBXGroup section */
		8558B3AC235F7BB100DA6119 /* models */ = {
			isa = PBXGroup;
			children = (
				8558B3AA235F656A00DA6119 /* FavouriteModel.swift */,
				8558B3B6235F8A9700DA6119 /* HelpSlide.swift */,
				8558B3A8235F60EA00DA6119 /* Database.swift */,
			);
			path = models;
			sourceTree = "<group>";
		};
		8558B3AF235F808900DA6119 /* views */ = {
			isa = PBXGroup;
			children = (
				8558B3B8235F8ABF00DA6119 /* HelpSlide.xib */,
			);
			path = views;
			sourceTree = "<group>";
		};
		8558B3B2235F80C400DA6119 /* controller */ = {
			isa = PBXGroup;
			children = (
				85E16B9C2357BCE800907CFF /* ViewController.swift */,
				857C87FE235A245F005724C4 /* FavouritesController.swift */,
				8558B3A6235E01CA00DA6119 /* PlayFavVideoController.swift */,
				8558B3B3235F80EB00DA6119 /* HelpController.swift */,
				8558B3BC236095EA00DA6119 /* ARDashboardController.swift */,
			);
			path = controller;
			sourceTree = "<group>";
		};
		8558B3B5235F8A6100DA6119 /* designs */ = {
			isa = PBXGroup;
			children = (
				85E16B9E2357BCE800907CFF /* Main.storyboard */,
				8558B3A4235E000600DA6119 /* PlayFavVideo.storyboard */,
				857C87FC235A1E0E005724C4 /* Favourites.storyboard */,
				8558B3B0235F809700DA6119 /* Help.storyboard */,
				8558B3BA2360947C00DA6119 /* ARDashboard.storyboard */,
			);
			path = designs;
			sourceTree = "<group>";
		};
		8558B3BE2360986000DA6119 /* Frameworks */ = {
			isa = PBXGroup;
			children = (
				8558B42823677BC700DA6119 /* FBSDKShareKit.framework */,
				8558B3C4236098A300DA6119 /* ARKit.framework */,
				8558B3BF2360986000DA6119 /* SceneKit.framework */,
				32587A968762634A7C14DFF5 /* Pods_dashboard.framework */,
			);
			name = Frameworks;
			sourceTree = "<group>";
		};
		8558B3C62360A05B00DA6119 /* Helpers */ = {
			isa = PBXGroup;
			children = (
				8558B3C72360A05B00DA6119 /* JSONUtils.swift */,
				8558B3C82360A05B00DA6119 /* DownloadUtils.swift */,
				8558B3C92360A05B00DA6119 /* ARImageUtils.swift */,
				8558B3CA2360A05B00DA6119 /* AppUpdate.swift */,
				8558B424236340F000DA6119 /* VideoUtils.swift */,
				8558B4262363959600DA6119 /* CustomSlider.swift */,
			);
			path = Helpers;
			sourceTree = "<group>";
		};
		85E16B8C2357BCE800907CFF = {
			isa = PBXGroup;
			children = (
				85E16B972357BCE800907CFF /* dashboard */,
				85E16B962357BCE800907CFF /* Products */,
				8558B3BE2360986000DA6119 /* Frameworks */,
				A7F65BF95CEFCB9ADD26FDCD /* Pods */,
			);
			sourceTree = "<group>";
		};
		85E16B962357BCE800907CFF /* Products */ = {
			isa = PBXGroup;
			children = (
				85E16B952357BCE800907CFF /* forestar.app */,
			);
			name = Products;
			sourceTree = "<group>";
		};
		85E16B972357BCE800907CFF /* dashboard */ = {
			isa = PBXGroup;
			children = (
				85E16B982357BCE800907CFF /* AppDelegate.swift */,
				8558B3F72361DDC300DA6119 /* GoogleService-Info.plist */,
				85E16B9A2357BCE800907CFF /* SceneDelegate.swift */,
				85E16BA12357BCEB00907CFF /* Assets.xcassets */,
				8558B3F923622BD000DA6119 /* GoogleService-Info.plist */,
				85E16BA32357BCEB00907CFF /* LaunchScreen.storyboard */,
				85E16BA62357BCEB00907CFF /* Info.plist */,
				8558B3B2235F80C400DA6119 /* controller */,
				857C87FA235A0C18005724C4 /* TreeID.sqlite */,
				8558B3B5235F8A6100DA6119 /* designs */,
				8558B3AC235F7BB100DA6119 /* models */,
				8558B3AF235F808900DA6119 /* views */,
				8558B3C62360A05B00DA6119 /* Helpers */,
			);
			path = dashboard;
			sourceTree = "<group>";
		};
		A7F65BF95CEFCB9ADD26FDCD /* Pods */ = {
			isa = PBXGroup;
			children = (
				60E4BAD8E3E7730CBF780D81 /* Pods-dashboard.debug.xcconfig */,
				E9E5DB11B96522039DD1E5A1 /* Pods-dashboard.release.xcconfig */,
			);
			path = Pods;
			sourceTree = "<group>";
		};
/* End PBXGroup section */

/* Begin PBXNativeTarget section */
		85E16B942357BCE800907CFF /* dashboard */ = {
			isa = PBXNativeTarget;
			buildConfigurationList = 85E16BA92357BCEB00907CFF /* Build configuration list for PBXNativeTarget "dashboard" */;
			buildPhases = (
				D372AED5A5AB947F0CB2DF72 /* [CP] Check Pods Manifest.lock */,
				85E16B912357BCE800907CFF /* Sources */,
				85E16B922357BCE800907CFF /* Frameworks */,
				85E16B932357BCE800907CFF /* Resources */,
				8558B3F62360E70B00DA6119 /* Run Script */,
				10D11000A6EB519429E57B29 /* [CP] Embed Pods Frameworks */,
			);
			buildRules = (
			);
			dependencies = (
			);
			name = dashboard;
			productName = dashboard;
			productReference = 85E16B952357BCE800907CFF /* forestar.app */;
			productType = "com.apple.product-type.application";
		};
/* End PBXNativeTarget section */

/* Begin PBXProject section */
		85E16B8D2357BCE800907CFF /* Project object */ = {
			isa = PBXProject;
			attributes = {
				LastSwiftUpdateCheck = 1110;
				LastUpgradeCheck = 1110;
				ORGANIZATIONNAME = "Adhikari, Bishrant";
				TargetAttributes = {
					85E16B942357BCE800907CFF = {
						CreatedOnToolsVersion = 11.1;
					};
				};
			};
			buildConfigurationList = 85E16B902357BCE800907CFF /* Build configuration list for PBXProject "dashboard" */;
			compatibilityVersion = "Xcode 9.3";
			developmentRegion = en;
			hasScannedForEncodings = 0;
			knownRegions = (
				en,
				Base,
			);
			mainGroup = 85E16B8C2357BCE800907CFF;
			productRefGroup = 85E16B962357BCE800907CFF /* Products */;
			projectDirPath = "";
			projectRoot = "";
			targets = (
				85E16B942357BCE800907CFF /* dashboard */,
			);
		};
/* End PBXProject section */

/* Begin PBXResourcesBuildPhase section */
		85E16B932357BCE800907CFF /* Resources */ = {
			isa = PBXResourcesBuildPhase;
			buildActionMask = 2147483647;
			files = (
				85E16BA52357BCEB00907CFF /* LaunchScreen.storyboard in Resources */,
				85E16BA22357BCEB00907CFF /* Assets.xcassets in Resources */,
				857C87FD235A1E0E005724C4 /* Favourites.storyboard in Resources */,
				8558B3B9235F8ABF00DA6119 /* HelpSlide.xib in Resources */,
				8558B3A5235E000600DA6119 /* PlayFavVideo.storyboard in Resources */,
				85E16BA02357BCE800907CFF /* Main.storyboard in Resources */,
				857C87FB235A0C18005724C4 /* TreeID.sqlite in Resources */,
				8558B3F82361DDC400DA6119 /* GoogleService-Info.plist in Resources */,
				8558B3BB2360947C00DA6119 /* ARDashboard.storyboard in Resources */,
				8558B3B1235F809700DA6119 /* Help.storyboard in Resources */,
			);
			runOnlyForDeploymentPostprocessing = 0;
		};
/* End PBXResourcesBuildPhase section */

/* Begin PBXShellScriptBuildPhase section */
		10D11000A6EB519429E57B29 /* [CP] Embed Pods Frameworks */ = {
			isa = PBXShellScriptBuildPhase;
			buildActionMask = 2147483647;
			files = (
			);
			inputFileListPaths = (
				"${PODS_ROOT}/Target Support Files/Pods-dashboard/Pods-dashboard-frameworks-${CONFIGURATION}-input-files.xcfilelist",
			);
			name = "[CP] Embed Pods Frameworks";
			outputFileListPaths = (
				"${PODS_ROOT}/Target Support Files/Pods-dashboard/Pods-dashboard-frameworks-${CONFIGURATION}-output-files.xcfilelist",
			);
			runOnlyForDeploymentPostprocessing = 0;
			shellPath = /bin/sh;
			shellScript = "\"${PODS_ROOT}/Target Support Files/Pods-dashboard/Pods-dashboard-frameworks.sh\"\n";
			showEnvVarsInLog = 0;
		};
		8558B3F62360E70B00DA6119 /* Run Script */ = {
			isa = PBXShellScriptBuildPhase;
			buildActionMask = 2147483647;
			files = (
			);
			inputFileListPaths = (
			);
			inputPaths = (
			);
			name = "Run Script";
			outputFileListPaths = (
			);
			outputPaths = (
			);
			runOnlyForDeploymentPostprocessing = 0;
			shellPath = /bin/sh;
			shellScript = "# Type a script or drag a script file from your workspace to insert its path.\n";
		};
		D372AED5A5AB947F0CB2DF72 /* [CP] Check Pods Manifest.lock */ = {
			isa = PBXShellScriptBuildPhase;
			buildActionMask = 2147483647;
			files = (
			);
			inputFileListPaths = (
			);
			inputPaths = (
				"${PODS_PODFILE_DIR_PATH}/Podfile.lock",
				"${PODS_ROOT}/Manifest.lock",
			);
			name = "[CP] Check Pods Manifest.lock";
			outputFileListPaths = (
			);
			outputPaths = (
				"$(DERIVED_FILE_DIR)/Pods-dashboard-checkManifestLockResult.txt",
			);
			runOnlyForDeploymentPostprocessing = 0;
			shellPath = /bin/sh;
			shellScript = "diff \"${PODS_PODFILE_DIR_PATH}/Podfile.lock\" \"${PODS_ROOT}/Manifest.lock\" > /dev/null\nif [ $? != 0 ] ; then\n    # print error to STDERR\n    echo \"error: The sandbox is not in sync with the Podfile.lock. Run 'pod install' or update your CocoaPods installation.\" >&2\n    exit 1\nfi\n# This output is used by Xcode 'outputs' to avoid re-running this script phase.\necho \"SUCCESS\" > \"${SCRIPT_OUTPUT_FILE_0}\"\n";
			showEnvVarsInLog = 0;
		};
/* End PBXShellScriptBuildPhase section */

/* Begin PBXSourcesBuildPhase section */
		85E16B912357BCE800907CFF /* Sources */ = {
			isa = PBXSourcesBuildPhase;
			buildActionMask = 2147483647;
			files = (
				8558B3B7235F8A9700DA6119 /* HelpSlide.swift in Sources */,
				857C87FF235A245F005724C4 /* FavouritesController.swift in Sources */,
				8558B3CB2360A05B00DA6119 /* JSONUtils.swift in Sources */,
				8558B3BD236095EA00DA6119 /* ARDashboardController.swift in Sources */,
				8558B425236340F000DA6119 /* VideoUtils.swift in Sources */,
				85E16B9D2357BCE800907CFF /* ViewController.swift in Sources */,
				85E16B992357BCE800907CFF /* AppDelegate.swift in Sources */,
				8558B3CE2360A05B00DA6119 /* AppUpdate.swift in Sources */,
				85E16B9B2357BCE800907CFF /* SceneDelegate.swift in Sources */,
				8558B3CC2360A05B00DA6119 /* DownloadUtils.swift in Sources */,
				8558B3AB235F656A00DA6119 /* FavouriteModel.swift in Sources */,
				8558B4272363959600DA6119 /* CustomSlider.swift in Sources */,
				8558B3CD2360A05B00DA6119 /* ARImageUtils.swift in Sources */,
				8558B3A9235F60EA00DA6119 /* Database.swift in Sources */,
				8558B3B4235F80EB00DA6119 /* HelpController.swift in Sources */,
				8558B3A7235E01CA00DA6119 /* PlayFavVideoController.swift in Sources */,
			);
			runOnlyForDeploymentPostprocessing = 0;
		};
/* End PBXSourcesBuildPhase section */

/* Begin PBXVariantGroup section */
		85E16B9E2357BCE800907CFF /* Main.storyboard */ = {
			isa = PBXVariantGroup;
			children = (
				85E16B9F2357BCE800907CFF /* Base */,
			);
			name = Main.storyboard;
			sourceTree = "<group>";
		};
		85E16BA32357BCEB00907CFF /* LaunchScreen.storyboard */ = {
			isa = PBXVariantGroup;
			children = (
				85E16BA42357BCEB00907CFF /* Base */,
			);
			name = LaunchScreen.storyboard;
			sourceTree = "<group>";
		};
/* End PBXVariantGroup section */

/* Begin XCBuildConfiguration section */
		85E16BA72357BCEB00907CFF /* Debug */ = {
			isa = XCBuildConfiguration;
			buildSettings = {
				ALWAYS_SEARCH_USER_PATHS = NO;
				CLANG_ANALYZER_NONNULL = YES;
				CLANG_ANALYZER_NUMBER_OBJECT_CONVERSION = YES_AGGRESSIVE;
				CLANG_CXX_LANGUAGE_STANDARD = "gnu++14";
				CLANG_CXX_LIBRARY = "libc++";
				CLANG_ENABLE_MODULES = YES;
				CLANG_ENABLE_OBJC_ARC = YES;
				CLANG_ENABLE_OBJC_WEAK = YES;
				CLANG_WARN_BLOCK_CAPTURE_AUTORELEASING = YES;
				CLANG_WARN_BOOL_CONVERSION = YES;
				CLANG_WARN_COMMA = YES;
				CLANG_WARN_CONSTANT_CONVERSION = YES;
				CLANG_WARN_DEPRECATED_OBJC_IMPLEMENTATIONS = YES;
				CLANG_WARN_DIRECT_OBJC_ISA_USAGE = YES_ERROR;
				CLANG_WARN_DOCUMENTATION_COMMENTS = YES;
				CLANG_WARN_EMPTY_BODY = YES;
				CLANG_WARN_ENUM_CONVERSION = YES;
				CLANG_WARN_INFINITE_RECURSION = YES;
				CLANG_WARN_INT_CONVERSION = YES;
				CLANG_WARN_NON_LITERAL_NULL_CONVERSION = YES;
				CLANG_WARN_OBJC_IMPLICIT_RETAIN_SELF = YES;
				CLANG_WARN_OBJC_LITERAL_CONVERSION = YES;
				CLANG_WARN_OBJC_ROOT_CLASS = YES_ERROR;
				CLANG_WARN_RANGE_LOOP_ANALYSIS = YES;
				CLANG_WARN_STRICT_PROTOTYPES = YES;
				CLANG_WARN_SUSPICIOUS_MOVE = YES;
				CLANG_WARN_UNGUARDED_AVAILABILITY = YES_AGGRESSIVE;
				CLANG_WARN_UNREACHABLE_CODE = YES;
				CLANG_WARN__DUPLICATE_METHOD_MATCH = YES;
				COPY_PHASE_STRIP = NO;
				DEBUG_INFORMATION_FORMAT = dwarf;
				ENABLE_STRICT_OBJC_MSGSEND = YES;
				ENABLE_TESTABILITY = YES;
				GCC_C_LANGUAGE_STANDARD = gnu11;
				GCC_DYNAMIC_NO_PIC = NO;
				GCC_NO_COMMON_BLOCKS = YES;
				GCC_OPTIMIZATION_LEVEL = 0;
				GCC_PREPROCESSOR_DEFINITIONS = (
					"DEBUG=1",
					"$(inherited)",
				);
				GCC_WARN_64_TO_32_BIT_CONVERSION = YES;
				GCC_WARN_ABOUT_RETURN_TYPE = YES_ERROR;
				GCC_WARN_UNDECLARED_SELECTOR = YES;
				GCC_WARN_UNINITIALIZED_AUTOS = YES_AGGRESSIVE;
				GCC_WARN_UNUSED_FUNCTION = YES;
				GCC_WARN_UNUSED_VARIABLE = YES;
				IPHONEOS_DEPLOYMENT_TARGET = 13.1;
				MTL_ENABLE_DEBUG_INFO = INCLUDE_SOURCE;
				MTL_FAST_MATH = YES;
				ONLY_ACTIVE_ARCH = YES;
				SDKROOT = iphoneos;
				SWIFT_ACTIVE_COMPILATION_CONDITIONS = DEBUG;
				SWIFT_OPTIMIZATION_LEVEL = "-Onone";
			};
			name = Debug;
		};
		85E16BA82357BCEB00907CFF /* Release */ = {
			isa = XCBuildConfiguration;
			buildSettings = {
				ALWAYS_SEARCH_USER_PATHS = NO;
				CLANG_ANALYZER_NONNULL = YES;
				CLANG_ANALYZER_NUMBER_OBJECT_CONVERSION = YES_AGGRESSIVE;
				CLANG_CXX_LANGUAGE_STANDARD = "gnu++14";
				CLANG_CXX_LIBRARY = "libc++";
				CLANG_ENABLE_MODULES = YES;
				CLANG_ENABLE_OBJC_ARC = YES;
				CLANG_ENABLE_OBJC_WEAK = YES;
				CLANG_WARN_BLOCK_CAPTURE_AUTORELEASING = YES;
				CLANG_WARN_BOOL_CONVERSION = YES;
				CLANG_WARN_COMMA = YES;
				CLANG_WARN_CONSTANT_CONVERSION = YES;
				CLANG_WARN_DEPRECATED_OBJC_IMPLEMENTATIONS = YES;
				CLANG_WARN_DIRECT_OBJC_ISA_USAGE = YES_ERROR;
				CLANG_WARN_DOCUMENTATION_COMMENTS = YES;
				CLANG_WARN_EMPTY_BODY = YES;
				CLANG_WARN_ENUM_CONVERSION = YES;
				CLANG_WARN_INFINITE_RECURSION = YES;
				CLANG_WARN_INT_CONVERSION = YES;
				CLANG_WARN_NON_LITERAL_NULL_CONVERSION = YES;
				CLANG_WARN_OBJC_IMPLICIT_RETAIN_SELF = YES;
				CLANG_WARN_OBJC_LITERAL_CONVERSION = YES;
				CLANG_WARN_OBJC_ROOT_CLASS = YES_ERROR;
				CLANG_WARN_RANGE_LOOP_ANALYSIS = YES;
				CLANG_WARN_STRICT_PROTOTYPES = YES;
				CLANG_WARN_SUSPICIOUS_MOVE = YES;
				CLANG_WARN_UNGUARDED_AVAILABILITY = YES_AGGRESSIVE;
				CLANG_WARN_UNREACHABLE_CODE = YES;
				CLANG_WARN__DUPLICATE_METHOD_MATCH = YES;
				COPY_PHASE_STRIP = NO;
				DEBUG_INFORMATION_FORMAT = "dwarf-with-dsym";
				ENABLE_NS_ASSERTIONS = NO;
				ENABLE_STRICT_OBJC_MSGSEND = YES;
				GCC_C_LANGUAGE_STANDARD = gnu11;
				GCC_NO_COMMON_BLOCKS = YES;
				GCC_WARN_64_TO_32_BIT_CONVERSION = YES;
				GCC_WARN_ABOUT_RETURN_TYPE = YES_ERROR;
				GCC_WARN_UNDECLARED_SELECTOR = YES;
				GCC_WARN_UNINITIALIZED_AUTOS = YES_AGGRESSIVE;
				GCC_WARN_UNUSED_FUNCTION = YES;
				GCC_WARN_UNUSED_VARIABLE = YES;
				IPHONEOS_DEPLOYMENT_TARGET = 13.1;
				MTL_ENABLE_DEBUG_INFO = NO;
				MTL_FAST_MATH = YES;
				SDKROOT = iphoneos;
				SWIFT_COMPILATION_MODE = wholemodule;
				SWIFT_OPTIMIZATION_LEVEL = "-O";
				VALIDATE_PRODUCT = YES;
			};
			name = Release;
		};
		85E16BAA2357BCEB00907CFF /* Debug */ = {
			isa = XCBuildConfiguration;
			baseConfigurationReference = 60E4BAD8E3E7730CBF780D81 /* Pods-dashboard.debug.xcconfig */;
			buildSettings = {
				ASSETCATALOG_COMPILER_APPICON_NAME = AppIcon;
				CODE_SIGN_STYLE = Automatic;
				CURRENT_PROJECT_VERSION = 2;
				DEBUG_INFORMATION_FORMAT = "dwarf-with-dsym";
				DEVELOPMENT_TEAM = 7W4WBCL2B3;
				INFOPLIST_FILE = dashboard/Info.plist;
				LD_RUNPATH_SEARCH_PATHS = (
					"$(inherited)",
					"@executable_path/Frameworks",
				);
				MARKETING_VERSION = 1.0.1;
				PRODUCT_BUNDLE_IDENTIFIER = com.tfs.forestarapp;
				PRODUCT_NAME = forestar;
				SWIFT_VERSION = 5.0;
				TARGETED_DEVICE_FAMILY = "1,2";
			};
			name = Debug;
		};
		85E16BAB2357BCEB00907CFF /* Release */ = {
			isa = XCBuildConfiguration;
			baseConfigurationReference = E9E5DB11B96522039DD1E5A1 /* Pods-dashboard.release.xcconfig */;
			buildSettings = {
				ASSETCATALOG_COMPILER_APPICON_NAME = AppIcon;
				CODE_SIGN_STYLE = Automatic;
				CURRENT_PROJECT_VERSION = 2;
				DEVELOPMENT_TEAM = 7W4WBCL2B3;
				INFOPLIST_FILE = dashboard/Info.plist;
				LD_RUNPATH_SEARCH_PATHS = (
					"$(inherited)",
					"@executable_path/Frameworks",
				);
				MARKETING_VERSION = 1.0.1;
				PRODUCT_BUNDLE_IDENTIFIER = com.tfs.forestarapp;
				PRODUCT_NAME = forestar;
				SWIFT_VERSION = 5.0;
				TARGETED_DEVICE_FAMILY = "1,2";
			};
			name = Release;
		};
/* End XCBuildConfiguration section */

/* Begin XCConfigurationList section */
		85E16B902357BCE800907CFF /* Build configuration list for PBXProject "dashboard" */ = {
			isa = XCConfigurationList;
			buildConfigurations = (
				85E16BA72357BCEB00907CFF /* Debug */,
				85E16BA82357BCEB00907CFF /* Release */,
			);
			defaultConfigurationIsVisible = 0;
			defaultConfigurationName = Release;
		};
		85E16BA92357BCEB00907CFF /* Build configuration list for PBXNativeTarget "dashboard" */ = {
			isa = XCConfigurationList;
			buildConfigurations = (
				85E16BAA2357BCEB00907CFF /* Debug */,
				85E16BAB2357BCEB00907CFF /* Release */,
			);
			defaultConfigurationIsVisible = 0;
			defaultConfigurationName = Release;
		};
/* End XCConfigurationList section */
	};
	rootObject = 85E16B8D2357BCE800907CFF /* Project object */;
}
